
Microsoft Visual Studio Solution File, Format Version 12.00
Project("{FAE04EC0-301F-11D3-BF4B-00C04F79EFBC}") = "FinanceApp", "FinanceApp.csproj", "{0AE76C00-684E-479A-886A-0C31FE7DFE99}"
EndProject
Global
	GlobalSection(SolutionConfigurationPlatforms) = preSolution
		Debug|Any CPU = Debug|Any CPU
		Release|Any CPU = Release|Any CPU
	EndGlobalSection
	GlobalSection(ProjectConfigurationPlatforms) = postSolution
		{0AE76C00-684E-479A-886A-0C31FE7DFE99}.Debug|Any CPU.ActiveCfg = Debug|Any CPU
		{0AE76C00-684E-479A-886A-0C31FE7DFE99}.Debug|Any CPU.Build.0 = Debug|Any CPU
		{0AE76C00-684E-479A-886A-0C31FE7DFE99}.Release|Any CPU.ActiveCfg = Release|Any CPU
		{0AE76C00-684E-479A-886A-0C31FE7DFE99}.Release|Any CPU.Build.0 = Release|Any CPU
	EndGlobalSection
EndGlobal
